// !$*UTF8*$!
{
	archiveVersion = 1;
	classes = {
	};
	objectVersion = 50;
	objects = {

/* Begin PBXBuildFile section */
		58605199243130B80024660C /* Wizards-Magic.ttf in Resources */ = {isa = PBXBuildFile; fileRef = 58605198243130B80024660C /* Wizards-Magic.ttf */; };
		586AF5A1242E2E0900AAB929 /* NetworkMagicBallManager.swift in Sources */ = {isa = PBXBuildFile; fileRef = 586AF5A0242E2E0900AAB929 /* NetworkMagicBallManager.swift */; };
		586AF5A3242E2F8200AAB929 /* MagicBallData.swift in Sources */ = {isa = PBXBuildFile; fileRef = 586AF5A2242E2F8200AAB929 /* MagicBallData.swift */; };
		586AF5A5242E2F9900AAB929 /* MagicBall.swift in Sources */ = {isa = PBXBuildFile; fileRef = 586AF5A4242E2F9900AAB929 /* MagicBall.swift */; };
		587E8942242E235D00BBE9BB /* AppDelegate.swift in Sources */ = {isa = PBXBuildFile; fileRef = 587E8941242E235D00BBE9BB /* AppDelegate.swift */; };
		587E8944242E235D00BBE9BB /* SceneDelegate.swift in Sources */ = {isa = PBXBuildFile; fileRef = 587E8943242E235D00BBE9BB /* SceneDelegate.swift */; };
		587E8946242E235D00BBE9BB /* MainViewController.swift in Sources */ = {isa = PBXBuildFile; fileRef = 587E8945242E235D00BBE9BB /* MainViewController.swift */; };
		587E8949242E235D00BBE9BB /* Main.storyboard in Resources */ = {isa = PBXBuildFile; fileRef = 587E8947242E235D00BBE9BB /* Main.storyboard */; };
		587E894B242E236100BBE9BB /* Assets.xcassets in Resources */ = {isa = PBXBuildFile; fileRef = 587E894A242E236100BBE9BB /* Assets.xcassets */; };
		587E894E242E236100BBE9BB /* LaunchScreen.storyboard in Resources */ = {isa = PBXBuildFile; fileRef = 587E894C242E236100BBE9BB /* LaunchScreen.storyboard */; };
		587E895C242E2AD900BBE9BB /* LaunchViewController.swift in Sources */ = {isa = PBXBuildFile; fileRef = 587E895B242E2AD900BBE9BB /* LaunchViewController.swift */; };
		58DCFB3E243133D5001EB958 /* UIViewGradient.swift in Sources */ = {isa = PBXBuildFile; fileRef = 58DCFB3D243133D5001EB958 /* UIViewGradient.swift */; };
		58FBDA77243170D800848D1F /* Creepy-music-box.mp3 in Resources */ = {isa = PBXBuildFile; fileRef = 58FBDA76243170D800848D1F /* Creepy-music-box.mp3 */; };
		58FBDA79243171C300848D1F /* Elven_Forest.mp3 in Resources */ = {isa = PBXBuildFile; fileRef = 58FBDA78243171C300848D1F /* Elven_Forest.mp3 */; };
/* End PBXBuildFile section */

/* Begin PBXFileReference section */
		58605198243130B80024660C /* Wizards-Magic.ttf */ = {isa = PBXFileReference; lastKnownFileType = file; path = "Wizards-Magic.ttf"; sourceTree = "<group>"; };
		586AF5A0242E2E0900AAB929 /* NetworkMagicBallManager.swift */ = {isa = PBXFileReference; lastKnownFileType = sourcecode.swift; path = NetworkMagicBallManager.swift; sourceTree = "<group>"; };
		586AF5A2242E2F8200AAB929 /* MagicBallData.swift */ = {isa = PBXFileReference; lastKnownFileType = sourcecode.swift; path = MagicBallData.swift; sourceTree = "<group>"; };
		586AF5A4242E2F9900AAB929 /* MagicBall.swift */ = {isa = PBXFileReference; lastKnownFileType = sourcecode.swift; path = MagicBall.swift; sourceTree = "<group>"; };
		587E893E242E235D00BBE9BB /* MagicBall.app */ = {isa = PBXFileReference; explicitFileType = wrapper.application; includeInIndex = 0; path = MagicBall.app; sourceTree = BUILT_PRODUCTS_DIR; };
		587E8941242E235D00BBE9BB /* AppDelegate.swift */ = {isa = PBXFileReference; lastKnownFileType = sourcecode.swift; path = AppDelegate.swift; sourceTree = "<group>"; };
		587E8943242E235D00BBE9BB /* SceneDelegate.swift */ = {isa = PBXFileReference; lastKnownFileType = sourcecode.swift; path = SceneDelegate.swift; sourceTree = "<group>"; };
		587E8945242E235D00BBE9BB /* MainViewController.swift */ = {isa = PBXFileReference; lastKnownFileType = sourcecode.swift; path = MainViewController.swift; sourceTree = "<group>"; };
		587E8948242E235D00BBE9BB /* Base */ = {isa = PBXFileReference; lastKnownFileType = file.storyboard; name = Base; path = Base.lproj/Main.storyboard; sourceTree = "<group>"; };
		587E894A242E236100BBE9BB /* Assets.xcassets */ = {isa = PBXFileReference; lastKnownFileType = folder.assetcatalog; path = Assets.xcassets; sourceTree = "<group>"; };
		587E894D242E236100BBE9BB /* Base */ = {isa = PBXFileReference; lastKnownFileType = file.storyboard; name = Base; path = Base.lproj/LaunchScreen.storyboard; sourceTree = "<group>"; };
		587E894F242E236100BBE9BB /* Info.plist */ = {isa = PBXFileReference; lastKnownFileType = text.plist.xml; path = Info.plist; sourceTree = "<group>"; };
		587E895B242E2AD900BBE9BB /* LaunchViewController.swift */ = {isa = PBXFileReference; lastKnownFileType = sourcecode.swift; path = LaunchViewController.swift; sourceTree = "<group>"; };
		58DCFB3D243133D5001EB958 /* UIViewGradient.swift */ = {isa = PBXFileReference; lastKnownFileType = sourcecode.swift; path = UIViewGradient.swift; sourceTree = "<group>"; };
		58FBDA76243170D800848D1F /* Creepy-music-box.mp3 */ = {isa = PBXFileReference; lastKnownFileType = audio.mp3; path = "Creepy-music-box.mp3"; sourceTree = "<group>"; };
		58FBDA78243171C300848D1F /* Elven_Forest.mp3 */ = {isa = PBXFileReference; lastKnownFileType = audio.mp3; path = Elven_Forest.mp3; sourceTree = "<group>"; };
/* End PBXFileReference section */

/* Begin PBXFrameworksBuildPhase section */
		587E893B242E235D00BBE9BB /* Frameworks */ = {
			isa = PBXFrameworksBuildPhase;
			buildActionMask = 2147483647;
			files = (
			);
			runOnlyForDeploymentPostprocessing = 0;
		};
/* End PBXFrameworksBuildPhase section */

/* Begin PBXGroup section */
		587E8935242E235C00BBE9BB = {
			isa = PBXGroup;
			children = (
				587E8940242E235D00BBE9BB /* MagicBall */,
				587E893F242E235D00BBE9BB /* Products */,
			);
			sourceTree = "<group>";
		};
		587E893F242E235D00BBE9BB /* Products */ = {
			isa = PBXGroup;
			children = (
				587E893E242E235D00BBE9BB /* MagicBall.app */,
			);
			name = Products;
			sourceTree = "<group>";
		};
		587E8940242E235D00BBE9BB /* MagicBall */ = {
			isa = PBXGroup;
			children = (
				587E8957242E23BE00BBE9BB /* Views */,
				587E8958242E23CA00BBE9BB /* Controllers */,
				587E8959242E23D600BBE9BB /* NetworkManager */,
				587E8956242E23A400BBE9BB /* SupportingFiles */,
				587E8955242E239700BBE9BB /* Source */,
				58DCFB3C243133A0001EB958 /* UIview + Extensions */,
			);
			path = MagicBall;
			sourceTree = "<group>";
		};
		587E8955242E239700BBE9BB /* Source */ = {
			isa = PBXGroup;
			children = (
				58605198243130B80024660C /* Wizards-Magic.ttf */,
				58FBDA76243170D800848D1F /* Creepy-music-box.mp3 */,
				58FBDA78243171C300848D1F /* Elven_Forest.mp3 */,
				587E894A242E236100BBE9BB /* Assets.xcassets */,
			);
			path = Source;
			sourceTree = "<group>";
		};
		587E8956242E23A400BBE9BB /* SupportingFiles */ = {
			isa = PBXGroup;
			children = (
				587E8941242E235D00BBE9BB /* AppDelegate.swift */,
				587E8943242E235D00BBE9BB /* SceneDelegate.swift */,
				587E894F242E236100BBE9BB /* Info.plist */,
			);
			path = SupportingFiles;
			sourceTree = "<group>";
		};
		587E8957242E23BE00BBE9BB /* Views */ = {
			isa = PBXGroup;
			children = (
				587E8947242E235D00BBE9BB /* Main.storyboard */,
				587E894C242E236100BBE9BB /* LaunchScreen.storyboard */,
			);
			path = Views;
			sourceTree = "<group>";
		};
		587E8958242E23CA00BBE9BB /* Controllers */ = {
			isa = PBXGroup;
			children = (
				587E8945242E235D00BBE9BB /* MainViewController.swift */,
				587E895B242E2AD900BBE9BB /* LaunchViewController.swift */,
			);
			path = Controllers;
			sourceTree = "<group>";
		};
		587E8959242E23D600BBE9BB /* NetworkManager */ = {
			isa = PBXGroup;
			children = (
				586AF5A0242E2E0900AAB929 /* NetworkMagicBallManager.swift */,
				586AF5A2242E2F8200AAB929 /* MagicBallData.swift */,
				586AF5A4242E2F9900AAB929 /* MagicBall.swift */,
			);
			path = NetworkManager;
			sourceTree = "<group>";
		};
		58DCFB3C243133A0001EB958 /* UIview + Extensions */ = {
			isa = PBXGroup;
			children = (
				58DCFB3D243133D5001EB958 /* UIViewGradient.swift */,
			);
			path = "UIview + Extensions";
			sourceTree = "<group>";
		};
/* End PBXGroup section */

/* Begin PBXNativeTarget section */
		587E893D242E235D00BBE9BB /* MagicBall */ = {
			isa = PBXNativeTarget;
			buildConfigurationList = 587E8952242E236100BBE9BB /* Build configuration list for PBXNativeTarget "MagicBall" */;
			buildPhases = (
				587E893A242E235D00BBE9BB /* Sources */,
				587E893B242E235D00BBE9BB /* Frameworks */,
				587E893C242E235D00BBE9BB /* Resources */,
			);
			buildRules = (
			);
			dependencies = (
			);
			name = MagicBall;
			productName = MagicBall;
			productReference = 587E893E242E235D00BBE9BB /* MagicBall.app */;
			productType = "com.apple.product-type.application";
		};
/* End PBXNativeTarget section */

/* Begin PBXProject section */
		587E8936242E235D00BBE9BB /* Project object */ = {
			isa = PBXProject;
			attributes = {
				LastSwiftUpdateCheck = 1130;
				LastUpgradeCheck = 1130;
				ORGANIZATIONNAME = "Eugene St";
				TargetAttributes = {
					587E893D242E235D00BBE9BB = {
						CreatedOnToolsVersion = 11.3.1;
					};
				};
			};
			buildConfigurationList = 587E8939242E235D00BBE9BB /* Build configuration list for PBXProject "MagicBall" */;
			compatibilityVersion = "Xcode 9.3";
			developmentRegion = en;
			hasScannedForEncodings = 0;
			knownRegions = (
				en,
				Base,
			);
			mainGroup = 587E8935242E235C00BBE9BB;
			productRefGroup = 587E893F242E235D00BBE9BB /* Products */;
			projectDirPath = "";
			projectRoot = "";
			targets = (
				587E893D242E235D00BBE9BB /* MagicBall */,
			);
		};
/* End PBXProject section */

/* Begin PBXResourcesBuildPhase section */
		587E893C242E235D00BBE9BB /* Resources */ = {
			isa = PBXResourcesBuildPhase;
			buildActionMask = 2147483647;
			files = (
				587E894E242E236100BBE9BB /* LaunchScreen.storyboard in Resources */,
				587E894B242E236100BBE9BB /* Assets.xcassets in Resources */,
				58FBDA79243171C300848D1F /* Elven_Forest.mp3 in Resources */,
				58605199243130B80024660C /* Wizards-Magic.ttf in Resources */,
				58FBDA77243170D800848D1F /* Creepy-music-box.mp3 in Resources */,
				587E8949242E235D00BBE9BB /* Main.storyboard in Resources */,
			);
			runOnlyForDeploymentPostprocessing = 0;
		};
/* End PBXResourcesBuildPhase section */

/* Begin PBXSourcesBuildPhase section */
		587E893A242E235D00BBE9BB /* Sources */ = {
			isa = PBXSourcesBuildPhase;
			buildActionMask = 2147483647;
			files = (
				586AF5A3242E2F8200AAB929 /* MagicBallData.swift in Sources */,
				586AF5A1242E2E0900AAB929 /* NetworkMagicBallManager.swift in Sources */,
				586AF5A5242E2F9900AAB929 /* MagicBall.swift in Sources */,
				587E8946242E235D00BBE9BB /* MainViewController.swift in Sources */,
				587E8942242E235D00BBE9BB /* AppDelegate.swift in Sources */,
				587E8944242E235D00BBE9BB /* SceneDelegate.swift in Sources */,
				58DCFB3E243133D5001EB958 /* UIViewGradient.swift in Sources */,
				587E895C242E2AD900BBE9BB /* LaunchViewController.swift in Sources */,
			);
			runOnlyForDeploymentPostprocessing = 0;
		};
/* End PBXSourcesBuildPhase section */

/* Begin PBXVariantGroup section */
		587E8947242E235D00BBE9BB /* Main.storyboard */ = {
			isa = PBXVariantGroup;
			children = (
				587E8948242E235D00BBE9BB /* Base */,
			);
			name = Main.storyboard;
			sourceTree = "<group>";
		};
		587E894C242E236100BBE9BB /* LaunchScreen.storyboard */ = {
			isa = PBXVariantGroup;
			children = (
				587E894D242E236100BBE9BB /* Base */,
			);
			name = LaunchScreen.storyboard;
			sourceTree = "<group>";
		};
/* End PBXVariantGroup section */

/* Begin XCBuildConfiguration section */
		587E8950242E236100BBE9BB /* Debug */ = {
			isa = XCBuildConfiguration;
			buildSettings = {
				ALWAYS_SEARCH_USER_PATHS = NO;
				CLANG_ANALYZER_NONNULL = YES;
				CLANG_ANALYZER_NUMBER_OBJECT_CONVERSION = YES_AGGRESSIVE;
				CLANG_CXX_LANGUAGE_STANDARD = "gnu++14";
				CLANG_CXX_LIBRARY = "libc++";
				CLANG_ENABLE_MODULES = YES;
				CLANG_ENABLE_OBJC_ARC = YES;
				CLANG_ENABLE_OBJC_WEAK = YES;
				CLANG_WARN_BLOCK_CAPTURE_AUTORELEASING = YES;
				CLANG_WARN_BOOL_CONVERSION = YES;
				CLANG_WARN_COMMA = YES;
				CLANG_WARN_CONSTANT_CONVERSION = YES;
				CLANG_WARN_DEPRECATED_OBJC_IMPLEMENTATIONS = YES;
				CLANG_WARN_DIRECT_OBJC_ISA_USAGE = YES_ERROR;
				CLANG_WARN_DOCUMENTATION_COMMENTS = YES;
				CLANG_WARN_EMPTY_BODY = YES;
				CLANG_WARN_ENUM_CONVERSION = YES;
				CLANG_WARN_INFINITE_RECURSION = YES;
				CLANG_WARN_INT_CONVERSION = YES;
				CLANG_WARN_NON_LITERAL_NULL_CONVERSION = YES;
				CLANG_WARN_OBJC_IMPLICIT_RETAIN_SELF = YES;
				CLANG_WARN_OBJC_LITERAL_CONVERSION = YES;
				CLANG_WARN_OBJC_ROOT_CLASS = YES_ERROR;
				CLANG_WARN_RANGE_LOOP_ANALYSIS = YES;
				CLANG_WARN_STRICT_PROTOTYPES = YES;
				CLANG_WARN_SUSPICIOUS_MOVE = YES;
				CLANG_WARN_UNGUARDED_AVAILABILITY = YES_AGGRESSIVE;
				CLANG_WARN_UNREACHABLE_CODE = YES;
				CLANG_WARN__DUPLICATE_METHOD_MATCH = YES;
				COPY_PHASE_STRIP = NO;
				DEBUG_INFORMATION_FORMAT = dwarf;
				ENABLE_STRICT_OBJC_MSGSEND = YES;
				ENABLE_TESTABILITY = YES;
				GCC_C_LANGUAGE_STANDARD = gnu11;
				GCC_DYNAMIC_NO_PIC = NO;
				GCC_NO_COMMON_BLOCKS = YES;
				GCC_OPTIMIZATION_LEVEL = 0;
				GCC_PREPROCESSOR_DEFINITIONS = (
					"DEBUG=1",
					"$(inherited)",
				);
				GCC_WARN_64_TO_32_BIT_CONVERSION = YES;
				GCC_WARN_ABOUT_RETURN_TYPE = YES_ERROR;
				GCC_WARN_UNDECLARED_SELECTOR = YES;
				GCC_WARN_UNINITIALIZED_AUTOS = YES_AGGRESSIVE;
				GCC_WARN_UNUSED_FUNCTION = YES;
				GCC_WARN_UNUSED_VARIABLE = YES;
				IPHONEOS_DEPLOYMENT_TARGET = 13.2;
				MTL_ENABLE_DEBUG_INFO = INCLUDE_SOURCE;
				MTL_FAST_MATH = YES;
				ONLY_ACTIVE_ARCH = YES;
				SDKROOT = iphoneos;
				SWIFT_ACTIVE_COMPILATION_CONDITIONS = DEBUG;
				SWIFT_OPTIMIZATION_LEVEL = "-Onone";
			};
			name = Debug;
		};
		587E8951242E236100BBE9BB /* Release */ = {
			isa = XCBuildConfiguration;
			buildSettings = {
				ALWAYS_SEARCH_USER_PATHS = NO;
				CLANG_ANALYZER_NONNULL = YES;
				CLANG_ANALYZER_NUMBER_OBJECT_CONVERSION = YES_AGGRESSIVE;
				CLANG_CXX_LANGUAGE_STANDARD = "gnu++14";
				CLANG_CXX_LIBRARY = "libc++";
				CLANG_ENABLE_MODULES = YES;
				CLANG_ENABLE_OBJC_ARC = YES;
				CLANG_ENABLE_OBJC_WEAK = YES;
				CLANG_WARN_BLOCK_CAPTURE_AUTORELEASING = YES;
				CLANG_WARN_BOOL_CONVERSION = YES;
				CLANG_WARN_COMMA = YES;
				CLANG_WARN_CONSTANT_CONVERSION = YES;
				CLANG_WARN_DEPRECATED_OBJC_IMPLEMENTATIONS = YES;
				CLANG_WARN_DIRECT_OBJC_ISA_USAGE = YES_ERROR;
				CLANG_WARN_DOCUMENTATION_COMMENTS = YES;
				CLANG_WARN_EMPTY_BODY = YES;
				CLANG_WARN_ENUM_CONVERSION = YES;
				CLANG_WARN_INFINITE_RECURSION = YES;
				CLANG_WARN_INT_CONVERSION = YES;
				CLANG_WARN_NON_LITERAL_NULL_CONVERSION = YES;
				CLANG_WARN_OBJC_IMPLICIT_RETAIN_SELF = YES;
				CLANG_WARN_OBJC_LITERAL_CONVERSION = YES;
				CLANG_WARN_OBJC_ROOT_CLASS = YES_ERROR;
				CLANG_WARN_RANGE_LOOP_ANALYSIS = YES;
				CLANG_WARN_STRICT_PROTOTYPES = YES;
				CLANG_WARN_SUSPICIOUS_MOVE = YES;
				CLANG_WARN_UNGUARDED_AVAILABILITY = YES_AGGRESSIVE;
				CLANG_WARN_UNREACHABLE_CODE = YES;
				CLANG_WARN__DUPLICATE_METHOD_MATCH = YES;
				COPY_PHASE_STRIP = NO;
				DEBUG_INFORMATION_FORMAT = "dwarf-with-dsym";
				ENABLE_NS_ASSERTIONS = NO;
				ENABLE_STRICT_OBJC_MSGSEND = YES;
				GCC_C_LANGUAGE_STANDARD = gnu11;
				GCC_NO_COMMON_BLOCKS = YES;
				GCC_WARN_64_TO_32_BIT_CONVERSION = YES;
				GCC_WARN_ABOUT_RETURN_TYPE = YES_ERROR;
				GCC_WARN_UNDECLARED_SELECTOR = YES;
				GCC_WARN_UNINITIALIZED_AUTOS = YES_AGGRESSIVE;
				GCC_WARN_UNUSED_FUNCTION = YES;
				GCC_WARN_UNUSED_VARIABLE = YES;
				IPHONEOS_DEPLOYMENT_TARGET = 13.2;
				MTL_ENABLE_DEBUG_INFO = NO;
				MTL_FAST_MATH = YES;
				SDKROOT = iphoneos;
				SWIFT_COMPILATION_MODE = wholemodule;
				SWIFT_OPTIMIZATION_LEVEL = "-O";
				VALIDATE_PRODUCT = YES;
			};
			name = Release;
		};
		587E8953242E236100BBE9BB /* Debug */ = {
			isa = XCBuildConfiguration;
			buildSettings = {
				ASSETCATALOG_COMPILER_APPICON_NAME = AppIcon;
				CODE_SIGN_STYLE = Automatic;
				DEVELOPMENT_TEAM = B7NCZ24UXD;
				INFOPLIST_FILE = MagicBall/SupportingFiles/Info.plist;
				LD_RUNPATH_SEARCH_PATHS = (
					"$(inherited)",
					"@executable_path/Frameworks",
				);
				PRODUCT_BUNDLE_IDENTIFIER = st.eugene.MagicBall;
				PRODUCT_NAME = "$(TARGET_NAME)";
				SWIFT_VERSION = 5.0;
				TARGETED_DEVICE_FAMILY = "1,2";
			};
			name = Debug;
		};
		587E8954242E236100BBE9BB /* Release */ = {
			isa = XCBuildConfiguration;
			buildSettings = {
				ASSETCATALOG_COMPILER_APPICON_NAME = AppIcon;
				CODE_SIGN_STYLE = Automatic;
				DEVELOPMENT_TEAM = B7NCZ24UXD;
				INFOPLIST_FILE = MagicBall/SupportingFiles/Info.plist;
				LD_RUNPATH_SEARCH_PATHS = (
					"$(inherited)",
					"@executable_path/Frameworks",
				);
				PRODUCT_BUNDLE_IDENTIFIER = st.eugene.MagicBall;
				PRODUCT_NAME = "$(TARGET_NAME)";
				SWIFT_VERSION = 5.0;
				TARGETED_DEVICE_FAMILY = "1,2";
			};
			name = Release;
		};
/* End XCBuildConfiguration section */

/* Begin XCConfigurationList section */
		587E8939242E235D00BBE9BB /* Build configuration list for PBXProject "MagicBall" */ = {
			isa = XCConfigurationList;
			buildConfigurations = (
				587E8950242E236100BBE9BB /* Debug */,
				587E8951242E236100BBE9BB /* Release */,
			);
			defaultConfigurationIsVisible = 0;
			defaultConfigurationName = Release;
		};
		587E8952242E236100BBE9BB /* Build configuration list for PBXNativeTarget "MagicBall" */ = {
			isa = XCConfigurationList;
			buildConfigurations = (
				587E8953242E236100BBE9BB /* Debug */,
				587E8954242E236100BBE9BB /* Release */,
			);
			defaultConfigurationIsVisible = 0;
			defaultConfigurationName = Release;
		};
/* End XCConfigurationList section */
	};
	rootObject = 587E8936242E235D00BBE9BB /* Project object */;
}
